
Microsoft Visual Studio Solution File, Format Version 12.00
# Visual Studio 15
VisualStudioVersion = 15.0.27703.2047
MinimumVisualStudioVersion = 10.0.40219.1
Project("{FAE04EC0-301F-11D3-BF4B-00C04F79EFBC}") = "TopTabbedPageDemo.Android", "TopTabbedPageDemo\TopTabbedPageDemo.Android\TopTabbedPageDemo.Android.csproj", "{68A49E29-470F-4239-A82E-1CDA936C4B03}"
EndProject
Project("{FAE04EC0-301F-11D3-BF4B-00C04F79EFBC}") = "TopTabbedPageDemo.iOS", "TopTabbedPageDemo\TopTabbedPageDemo.iOS\TopTabbedPageDemo.iOS.csproj", "{726F1EDE-1AAD-4CFA-BE9D-CDE54E43E8B4}"
EndProject
Project("{FAE04EC0-301F-11D3-BF4B-00C04F79EFBC}") = "TopTabbedPageDemo", "TopTabbedPageDemo\TopTabbedPageDemo\TopTabbedPageDemo.csproj", "{F1CA2D12-53BF-4B23-9CC3-721CC799769F}"
EndProject
Global
	GlobalSection(SolutionConfigurationPlatforms) = preSolution
		Ad-Hoc|Any CPU = Ad-Hoc|Any CPU
		Ad-Hoc|iPhone = Ad-Hoc|iPhone
		Ad-Hoc|iPhoneSimulator = Ad-Hoc|iPhoneSimulator
		AppStore|Any CPU = AppStore|Any CPU
		AppStore|iPhone = AppStore|iPhone
		AppStore|iPhoneSimulator = AppStore|iPhoneSimulator
		Debug|Any CPU = Debug|Any CPU
		Debug|iPhone = Debug|iPhone
		Debug|iPhoneSimulator = Debug|iPhoneSimulator
		Release|Any CPU = Release|Any CPU
		Release|iPhone = Release|iPhone
		Release|iPhoneSimulator = Release|iPhoneSimulator
	EndGlobalSection
	GlobalSection(ProjectConfigurationPlatforms) = postSolution
		{68A49E29-470F-4239-A82E-1CDA936C4B03}.Ad-Hoc|Any CPU.ActiveCfg = Release|Any CPU
		{68A49E29-470F-4239-A82E-1CDA936C4B03}.Ad-Hoc|Any CPU.Build.0 = Release|Any CPU
		{68A49E29-470F-4239-A82E-1CDA936C4B03}.Ad-Hoc|Any CPU.Deploy.0 = Release|Any CPU
		{68A49E29-470F-4239-A82E-1CDA936C4B03}.Ad-Hoc|iPhone.ActiveCfg = Release|Any CPU
		{68A49E29-470F-4239-A82E-1CDA936C4B03}.Ad-Hoc|iPhone.Build.0 = Release|Any CPU
		{68A49E29-470F-4239-A82E-1CDA936C4B03}.Ad-Hoc|iPhone.Deploy.0 = Release|Any CPU
		{68A49E29-470F-4239-A82E-1CDA936C4B03}.Ad-Hoc|iPhoneSimulator.ActiveCfg = Release|Any CPU
		{68A49E29-470F-4239-A82E-1CDA936C4B03}.Ad-Hoc|iPhoneSimulator.Build.0 = Release|Any CPU
		{68A49E29-470F-4239-A82E-1CDA936C4B03}.Ad-Hoc|iPhoneSimulator.Deploy.0 = Release|Any CPU
		{68A49E29-470F-4239-A82E-1CDA936C4B03}.AppStore|Any CPU.ActiveCfg = Release|Any CPU
		{68A49E29-470F-4239-A82E-1CDA936C4B03}.AppStore|Any CPU.Build.0 = Release|Any CPU
		{68A49E29-470F-4239-A82E-1CDA936C4B03}.AppStore|Any CPU.Deploy.0 = Release|Any CPU
		{68A49E29-470F-4239-A82E-1CDA936C4B03}.AppStore|iPhone.ActiveCfg = Release|Any CPU
		{68A49E29-470F-4239-A82E-1CDA936C4B03}.AppStore|iPhone.Build.0 = Release|Any CPU
		{68A49E29-470F-4239-A82E-1CDA936C4B03}.AppStore|iPhone.Deploy.0 = Release|Any CPU
		{68A49E29-470F-4239-A82E-1CDA936C4B03}.AppStore|iPhoneSimulator.ActiveCfg = Release|Any CPU
		{68A49E29-470F-4239-A82E-1CDA936C4B03}.AppStore|iPhoneSimulator.Build.0 = Release|Any CPU
		{68A49E29-470F-4239-A82E-1CDA936C4B03}.AppStore|iPhoneSimulator.Deploy.0 = Release|Any CPU
		{68A49E29-470F-4239-A82E-1CDA936C4B03}.Debug|Any CPU.ActiveCfg = Debug|Any CPU
		{68A49E29-470F-4239-A82E-1CDA936C4B03}.Debug|Any CPU.Build.0 = Debug|Any CPU
		{68A49E29-470F-4239-A82E-1CDA936C4B03}.Debug|Any CPU.Deploy.0 = Debug|Any CPU
		{68A49E29-470F-4239-A82E-1CDA936C4B03}.Debug|iPhone.ActiveCfg = Debug|Any CPU
		{68A49E29-470F-4239-A82E-1CDA936C4B03}.Debug|iPhone.Build.0 = Debug|Any CPU
		{68A49E29-470F-4239-A82E-1CDA936C4B03}.Debug|iPhone.Deploy.0 = Debug|Any CPU
		{68A49E29-470F-4239-A82E-1CDA936C4B03}.Debug|iPhoneSimulator.ActiveCfg = Debug|Any CPU
		{68A49E29-470F-4239-A82E-1CDA936C4B03}.Debug|iPhoneSimulator.Build.0 = Debug|Any CPU
		{68A49E29-470F-4239-A82E-1CDA936C4B03}.Debug|iPhoneSimulator.Deploy.0 = Debug|Any CPU
		{68A49E29-470F-4239-A82E-1CDA936C4B03}.Release|Any CPU.ActiveCfg = Release|Any CPU
		{68A49E29-470F-4239-A82E-1CDA936C4B03}.Release|Any CPU.Build.0 = Release|Any CPU
		{68A49E29-470F-4239-A82E-1CDA936C4B03}.Release|Any CPU.Deploy.0 = Release|Any CPU
		{68A49E29-470F-4239-A82E-1CDA936C4B03}.Release|iPhone.ActiveCfg = Release|Any CPU
		{68A49E29-470F-4239-A82E-1CDA936C4B03}.Release|iPhone.Build.0 = Release|Any CPU
		{68A49E29-470F-4239-A82E-1CDA936C4B03}.Release|iPhone.Deploy.0 = Release|Any CPU
		{68A49E29-470F-4239-A82E-1CDA936C4B03}.Release|iPhoneSimulator.ActiveCfg = Release|Any CPU
		{68A49E29-470F-4239-A82E-1CDA936C4B03}.Release|iPhoneSimulator.Build.0 = Release|Any CPU
		{68A49E29-470F-4239-A82E-1CDA936C4B03}.Release|iPhoneSimulator.Deploy.0 = Release|Any CPU
		{726F1EDE-1AAD-4CFA-BE9D-CDE54E43E8B4}.Ad-Hoc|Any CPU.ActiveCfg = Ad-Hoc|iPhone
		{726F1EDE-1AAD-4CFA-BE9D-CDE54E43E8B4}.Ad-Hoc|Any CPU.Build.0 = Ad-Hoc|iPhone
		{726F1EDE-1AAD-4CFA-BE9D-CDE54E43E8B4}.Ad-Hoc|Any CPU.Deploy.0 = Ad-Hoc|iPhone
		{726F1EDE-1AAD-4CFA-BE9D-CDE54E43E8B4}.Ad-Hoc|iPhone.ActiveCfg = Ad-Hoc|iPhone
		{726F1EDE-1AAD-4CFA-BE9D-CDE54E43E8B4}.Ad-Hoc|iPhone.Build.0 = Ad-Hoc|iPhone
		{726F1EDE-1AAD-4CFA-BE9D-CDE54E43E8B4}.Ad-Hoc|iPhone.Deploy.0 = Ad-Hoc|iPhone
		{726F1EDE-1AAD-4CFA-BE9D-CDE54E43E8B4}.Ad-Hoc|iPhoneSimulator.ActiveCfg = Ad-Hoc|iPhoneSimulator
		{726F1EDE-1AAD-4CFA-BE9D-CDE54E43E8B4}.Ad-Hoc|iPhoneSimulator.Build.0 = Ad-Hoc|iPhoneSimulator
		{726F1EDE-1AAD-4CFA-BE9D-CDE54E43E8B4}.Ad-Hoc|iPhoneSimulator.Deploy.0 = Ad-Hoc|iPhoneSimulator
		{726F1EDE-1AAD-4CFA-BE9D-CDE54E43E8B4}.AppStore|Any CPU.ActiveCfg = AppStore|iPhone
		{726F1EDE-1AAD-4CFA-BE9D-CDE54E43E8B4}.AppStore|Any CPU.Build.0 = AppStore|iPhone
		{726F1EDE-1AAD-4CFA-BE9D-CDE54E43E8B4}.AppStore|Any CPU.Deploy.0 = AppStore|iPhone
		{726F1EDE-1AAD-4CFA-BE9D-CDE54E43E8B4}.AppStore|iPhone.ActiveCfg = AppStore|iPhone
		{726F1EDE-1AAD-4CFA-BE9D-CDE54E43E8B4}.AppStore|iPhone.Build.0 = AppStore|iPhone
		{726F1EDE-1AAD-4CFA-BE9D-CDE54E43E8B4}.AppStore|iPhone.Deploy.0 = AppStore|iPhone
		{726F1EDE-1AAD-4CFA-BE9D-CDE54E43E8B4}.AppStore|iPhoneSimulator.ActiveCfg = AppStore|iPhoneSimulator
		{726F1EDE-1AAD-4CFA-BE9D-CDE54E43E8B4}.AppStore|iPhoneSimulator.Build.0 = AppStore|iPhoneSimulator
		{726F1EDE-1AAD-4CFA-BE9D-CDE54E43E8B4}.AppStore|iPhoneSimulator.Deploy.0 = AppStore|iPhoneSimulator
		{726F1EDE-1AAD-4CFA-BE9D-CDE54E43E8B4}.Debug|Any CPU.ActiveCfg = Debug|iPhoneSimulator
		{726F1EDE-1AAD-4CFA-BE9D-CDE54E43E8B4}.Debug|Any CPU.Build.0 = Debug|iPhoneSimulator
		{726F1EDE-1AAD-4CFA-BE9D-CDE54E43E8B4}.Debug|Any CPU.Deploy.0 = Debug|iPhoneSimulator
		{726F1EDE-1AAD-4CFA-BE9D-CDE54E43E8B4}.Debug|iPhone.ActiveCfg = Debug|iPhone
		{726F1EDE-1AAD-4CFA-BE9D-CDE54E43E8B4}.Debug|iPhone.Build.0 = Debug|iPhone
		{726F1EDE-1AAD-4CFA-BE9D-CDE54E43E8B4}.Debug|iPhone.Deploy.0 = Debug|iPhone
		{726F1EDE-1AAD-4CFA-BE9D-CDE54E43E8B4}.Debug|iPhoneSimulator.ActiveCfg = Debug|iPhoneSimulator
		{726F1EDE-1AAD-4CFA-BE9D-CDE54E43E8B4}.Debug|iPhoneSimulator.Build.0 = Debug|iPhoneSimulator
		{726F1EDE-1AAD-4CFA-BE9D-CDE54E43E8B4}.Debug|iPhoneSimulator.Deploy.0 = Debug|iPhoneSimulator
		{726F1EDE-1AAD-4CFA-BE9D-CDE54E43E8B4}.Release|Any CPU.ActiveCfg = Release|iPhone
		{726F1EDE-1AAD-4CFA-BE9D-CDE54E43E8B4}.Release|Any CPU.Build.0 = Release|iPhone
		{726F1EDE-1AAD-4CFA-BE9D-CDE54E43E8B4}.Release|Any CPU.Deploy.0 = Release|iPhone
		{726F1EDE-1AAD-4CFA-BE9D-CDE54E43E8B4}.Release|iPhone.ActiveCfg = Release|iPhone
		{726F1EDE-1AAD-4CFA-BE9D-CDE54E43E8B4}.Release|iPhone.Build.0 = Release|iPhone
		{726F1EDE-1AAD-4CFA-BE9D-CDE54E43E8B4}.Release|iPhone.Deploy.0 = Release|iPhone
		{726F1EDE-1AAD-4CFA-BE9D-CDE54E43E8B4}.Release|iPhoneSimulator.ActiveCfg = Release|iPhoneSimulator
		{726F1EDE-1AAD-4CFA-BE9D-CDE54E43E8B4}.Release|iPhoneSimulator.Build.0 = Release|iPhoneSimulator
		{726F1EDE-1AAD-4CFA-BE9D-CDE54E43E8B4}.Release|iPhoneSimulator.Deploy.0 = Release|iPhoneSimulator
		{F1CA2D12-53BF-4B23-9CC3-721CC799769F}.Ad-Hoc|Any CPU.ActiveCfg = Debug|Any CPU
		{F1CA2D12-53BF-4B23-9CC3-721CC799769F}.Ad-Hoc|Any CPU.Build.0 = Debug|Any CPU
		{F1CA2D12-53BF-4B23-9CC3-721CC799769F}.Ad-Hoc|Any CPU.Deploy.0 = Debug|Any CPU
		{F1CA2D12-53BF-4B23-9CC3-721CC799769F}.Ad-Hoc|iPhone.ActiveCfg = Debug|Any CPU
		{F1CA2D12-53BF-4B23-9CC3-721CC799769F}.Ad-Hoc|iPhone.Build.0 = Debug|Any CPU
		{F1CA2D12-53BF-4B23-9CC3-721CC799769F}.Ad-Hoc|iPhone.Deploy.0 = Debug|Any CPU
		{F1CA2D12-53BF-4B23-9CC3-721CC799769F}.Ad-Hoc|iPhoneSimulator.ActiveCfg = Debug|Any CPU
		{F1CA2D12-53BF-4B23-9CC3-721CC799769F}.Ad-Hoc|iPhoneSimulator.Build.0 = Debug|Any CPU
		{F1CA2D12-53BF-4B23-9CC3-721CC799769F}.Ad-Hoc|iPhoneSimulator.Deploy.0 = Debug|Any CPU
		{F1CA2D12-53BF-4B23-9CC3-721CC799769F}.AppStore|Any CPU.ActiveCfg = Debug|Any CPU
		{F1CA2D12-53BF-4B23-9CC3-721CC799769F}.AppStore|Any CPU.Build.0 = Debug|Any CPU
		{F1CA2D12-53BF-4B23-9CC3-721CC799769F}.AppStore|Any CPU.Deploy.0 = Debug|Any CPU
		{F1CA2D12-53BF-4B23-9CC3-721CC799769F}.AppStore|iPhone.ActiveCfg = Debug|Any CPU
		{F1CA2D12-53BF-4B23-9CC3-721CC799769F}.AppStore|iPhone.Build.0 = Debug|Any CPU
		{F1CA2D12-53BF-4B23-9CC3-721CC799769F}.AppStore|iPhone.Deploy.0 = Debug|Any CPU
		{F1CA2D12-53BF-4B23-9CC3-721CC799769F}.AppStore|iPhoneSimulator.ActiveCfg = Debug|Any CPU
		{F1CA2D12-53BF-4B23-9CC3-721CC799769F}.AppStore|iPhoneSimulator.Build.0 = Debug|Any CPU
		{F1CA2D12-53BF-4B23-9CC3-721CC799769F}.AppStore|iPhoneSimulator.Deploy.0 = Debug|Any CPU
		{F1CA2D12-53BF-4B23-9CC3-721CC799769F}.Debug|Any CPU.ActiveCfg = Debug|Any CPU
		{F1CA2D12-53BF-4B23-9CC3-721CC799769F}.Debug|Any CPU.Build.0 = Debug|Any CPU
		{F1CA2D12-53BF-4B23-9CC3-721CC799769F}.Debug|Any CPU.Deploy.0 = Debug|Any CPU
		{F1CA2D12-53BF-4B23-9CC3-721CC799769F}.Debug|iPhone.ActiveCfg = Debug|Any CPU
		{F1CA2D12-53BF-4B23-9CC3-721CC799769F}.Debug|iPhone.Build.0 = Debug|Any CPU
		{F1CA2D12-53BF-4B23-9CC3-721CC799769F}.Debug|iPhone.Deploy.0 = Debug|Any CPU
		{F1CA2D12-53BF-4B23-9CC3-721CC799769F}.Debug|iPhoneSimulator.ActiveCfg = Debug|Any CPU
		{F1CA2D12-53BF-4B23-9CC3-721CC799769F}.Debug|iPhoneSimulator.Build.0 = Debug|Any CPU
		{F1CA2D12-53BF-4B23-9CC3-721CC799769F}.Debug|iPhoneSimulator.Deploy.0 = Debug|Any CPU
		{F1CA2D12-53BF-4B23-9CC3-721CC799769F}.Release|Any CPU.ActiveCfg = Release|Any CPU
		{F1CA2D12-53BF-4B23-9CC3-721CC799769F}.Release|Any CPU.Build.0 = Release|Any CPU
		{F1CA2D12-53BF-4B23-9CC3-721CC799769F}.Release|Any CPU.Deploy.0 = Release|Any CPU
		{F1CA2D12-53BF-4B23-9CC3-721CC799769F}.Release|iPhone.ActiveCfg = Release|Any CPU
		{F1CA2D12-53BF-4B23-9CC3-721CC799769F}.Release|iPhone.Build.0 = Release|Any CPU
		{F1CA2D12-53BF-4B23-9CC3-721CC799769F}.Release|iPhone.Deploy.0 = Release|Any CPU
		{F1CA2D12-53BF-4B23-9CC3-721CC799769F}.Release|iPhoneSimulator.ActiveCfg = Release|Any CPU
		{F1CA2D12-53BF-4B23-9CC3-721CC799769F}.Release|iPhoneSimulator.Build.0 = Release|Any CPU
		{F1CA2D12-53BF-4B23-9CC3-721CC799769F}.Release|iPhoneSimulator.Deploy.0 = Release|Any CPU
	EndGlobalSection
	GlobalSection(SolutionProperties) = preSolution
		HideSolutionNode = FALSE
	EndGlobalSection
	GlobalSection(ExtensibilityGlobals) = postSolution
		SolutionGuid = {253E2836-4239-4037-9B9A-B12EB5CFEF02}
	EndGlobalSection
EndGlobal
